<?xml version="1.0" encoding="utf-8"?>
<Project ToolsVersion="4.0" xmlns="http://schemas.microsoft.com/developer/msbuild/2003">
  <ItemGroup>
    <Filter Include="Resource Files">
      <UniqueIdentifier>{67DA6AB6-F800-4c08-8B7A-83BB121AAD01}</UniqueIdentifier>
      <Extensions>rc;ico;cur;bmp;dlg;rc2;rct;bin;rgs;gif;jpg;jpeg;jpe;resx;tiff;tif;png;wav;mfcribbon-ms</Extensions>
    </Filter>
    <Filter Include="Engine">
      <UniqueIdentifier>{ce2eb24e-cc64-43da-a4b4-a5d10749ba5b}</UniqueIdentifier>
    </Filter>
    <Filter Include="Game">
      <UniqueIdentifier>{1ac85c3a-b7cf-4f05-8b89-e2894ff5e2bf}</UniqueIdentifier>
    </Filter>
    <Filter Include="Engine\Source">
      <UniqueIdentifier>{ab44642e-dae8-43e3-96bf-2e8d8d350b61}</UniqueIdentifier>
    </Filter>
    <Filter Include="Engine\Header">
      <UniqueIdentifier>{fe2c88c2-2726-4f1d-af7c-9e846d43c429}</UniqueIdentifier>
    </Filter>
  </ItemGroup>
  <ItemGroup>
    <ClCompile Include="Game\TestGame.cpp">
      <Filter>Game</Filter>
    </ClCompile>
    <ClCompile Include="Game\WinMain.cpp">
      <Filter>Game</Filter>
    </ClCompile>
    <ClCompile Include="Engine\BaseException.cpp">
      <Filter>Engine\Source</Filter>
    </ClCompile>
    <ClCompile Include="Engine\Game.cpp">
      <Filter>Engine\Source</Filter>
    </ClCompile>
    <ClCompile Include="Engine\Timer.cpp">
      <Filter>Engine\Source</Filter>
    </ClCompile>
    <ClCompile Include="Engine\Window.cpp">
      <Filter>Engine\Source</Filter>
    </ClCompile>
  </ItemGroup>
  <ItemGroup>
    <ClInclude Include="Game\TestGame.h">
      <Filter>Game</Filter>
    </ClInclude>
    <ClInclude Include="Engine\Window.h">
      <Filter>Engine\Header</Filter>
    </ClInclude>
    <ClInclude Include="Engine\Timer.h">
      <Filter>Engine\Header</Filter>
    </ClInclude>
    <ClInclude Include="Engine\JJWindows.h">
      <Filter>Engine\Header</Filter>
    </ClInclude>
    <ClInclude Include="Engine\Game.h">
      <Filter>Engine\Header</Filter>
    </ClInclude>
    <ClInclude Include="Engine\BaseException.h">
      <Filter>Engine\Header</Filter>
    </ClInclude>
  </ItemGroup>
</Project>